
Microsoft Visual Studio Solution File, Format Version 12.00
# Visual Studio Version 17
VisualStudioVersion = 17.0.31912.275
MinimumVisualStudioVersion = 10.0.40219.1
Project("{9A19103F-16F7-4668-BE54-9A1E7A4F7556}") = "CarShop.Frontend", "CarShop.frontend\CarShop.Frontend.csproj", "{DCBAFB8A-24A7-4A13-8B58-993E8B53B4DC}"
EndProject
Project("{9A19103F-16F7-4668-BE54-9A1E7A4F7556}") = "CarShop.Library", "CarShop\CarShop.Library.csproj", "{09B1903E-5C8B-44B4-A910-3B940EF716B9}"
EndProject
Project("{FAE04EC0-301F-11D3-BF4B-00C04F79EFBC}") = "OperationOfDatabase", "OperationOfDatabase\OperationOfDatabase.csproj", "{81193A56-4298-4DB0-A443-715941D529F4}"
EndProject
Global
	GlobalSection(SolutionConfigurationPlatforms) = preSolution
		Debug|Any CPU = Debug|Any CPU
		Release|Any CPU = Release|Any CPU
	EndGlobalSection
	GlobalSection(ProjectConfigurationPlatforms) = postSolution
		{DCBAFB8A-24A7-4A13-8B58-993E8B53B4DC}.Debug|Any CPU.ActiveCfg = Debug|Any CPU
		{DCBAFB8A-24A7-4A13-8B58-993E8B53B4DC}.Debug|Any CPU.Build.0 = Debug|Any CPU
		{DCBAFB8A-24A7-4A13-8B58-993E8B53B4DC}.Release|Any CPU.ActiveCfg = Release|Any CPU
		{DCBAFB8A-24A7-4A13-8B58-993E8B53B4DC}.Release|Any CPU.Build.0 = Release|Any CPU
		{09B1903E-5C8B-44B4-A910-3B940EF716B9}.Debug|Any CPU.ActiveCfg = Debug|Any CPU
		{09B1903E-5C8B-44B4-A910-3B940EF716B9}.Debug|Any CPU.Build.0 = Debug|Any CPU
		{09B1903E-5C8B-44B4-A910-3B940EF716B9}.Release|Any CPU.ActiveCfg = Release|Any CPU
		{09B1903E-5C8B-44B4-A910-3B940EF716B9}.Release|Any CPU.Build.0 = Release|Any CPU
		{81193A56-4298-4DB0-A443-715941D529F4}.Debug|Any CPU.ActiveCfg = Debug|Any CPU
		{81193A56-4298-4DB0-A443-715941D529F4}.Debug|Any CPU.Build.0 = Debug|Any CPU
		{81193A56-4298-4DB0-A443-715941D529F4}.Release|Any CPU.ActiveCfg = Release|Any CPU
		{81193A56-4298-4DB0-A443-715941D529F4}.Release|Any CPU.Build.0 = Release|Any CPU
	EndGlobalSection
	GlobalSection(SolutionProperties) = preSolution
		HideSolutionNode = FALSE
	EndGlobalSection
	GlobalSection(ExtensibilityGlobals) = postSolution
		SolutionGuid = {81ADDBEE-8D53-4857-87C5-D03A51F297B1}
	EndGlobalSection
EndGlobal
